
Microsoft Visual Studio Solution File, Format Version 12.00
# Visual Studio Version 17
VisualStudioVersion = 17.3.32922.545
MinimumVisualStudioVersion = 10.0.40219.1
Project("{FAE04EC0-301F-11D3-BF4B-00C04F79EFBC}") = "WpfControlsExpander", "WpfControlsExpander\WpfControlsExpander.csproj", "{1C70B93E-B573-4333-A6AA-FB58C30FE58E}"
EndProject
Global
	GlobalSection(SolutionConfigurationPlatforms) = preSolution
		Debug|Any CPU = Debug|Any CPU
		Release|Any CPU = Release|Any CPU
	EndGlobalSection
	GlobalSection(ProjectConfigurationPlatforms) = postSolution
		{1C70B93E-B573-4333-A6AA-FB58C30FE58E}.Debug|Any CPU.ActiveCfg = Debug|Any CPU
		{1C70B93E-B573-4333-A6AA-FB58C30FE58E}.Debug|Any CPU.Build.0 = Debug|Any CPU
		{1C70B93E-B573-4333-A6AA-FB58C30FE58E}.Release|Any CPU.ActiveCfg = Release|Any CPU
		{1C70B93E-B573-4333-A6AA-FB58C30FE58E}.Release|Any CPU.Build.0 = Release|Any CPU
	EndGlobalSection
	GlobalSection(SolutionProperties) = preSolution
		HideSolutionNode = FALSE
	EndGlobalSection
	GlobalSection(ExtensibilityGlobals) = postSolution
		SolutionGuid = {1AF8397E-03A7-4EBC-A7C1-8702F2C00D00}
	EndGlobalSection
EndGlobal
