
Microsoft Visual Studio Solution File, Format Version 12.00
# Visual Studio Version 17
VisualStudioVersion = 17.3.32922.545
MinimumVisualStudioVersion = 10.0.40219.1
Project("{FAE04EC0-301F-11D3-BF4B-00C04F79EFBC}") = "WpfAnimationsCodeBehind", "WpfAnimationsCodeBehind\WpfAnimationsCodeBehind.csproj", "{1394F7BE-D9C4-4CEE-8842-C759E0A839F6}"
EndProject
Global
	GlobalSection(SolutionConfigurationPlatforms) = preSolution
		Debug|Any CPU = Debug|Any CPU
		Release|Any CPU = Release|Any CPU
	EndGlobalSection
	GlobalSection(ProjectConfigurationPlatforms) = postSolution
		{1394F7BE-D9C4-4CEE-8842-C759E0A839F6}.Debug|Any CPU.ActiveCfg = Debug|Any CPU
		{1394F7BE-D9C4-4CEE-8842-C759E0A839F6}.Debug|Any CPU.Build.0 = Debug|Any CPU
		{1394F7BE-D9C4-4CEE-8842-C759E0A839F6}.Release|Any CPU.ActiveCfg = Release|Any CPU
		{1394F7BE-D9C4-4CEE-8842-C759E0A839F6}.Release|Any CPU.Build.0 = Release|Any CPU
	EndGlobalSection
	GlobalSection(SolutionProperties) = preSolution
		HideSolutionNode = FALSE
	EndGlobalSection
	GlobalSection(ExtensibilityGlobals) = postSolution
		SolutionGuid = {C3CA366B-E5B8-460A-9D89-FA2D8E96DDD2}
	EndGlobalSection
EndGlobal
