
Microsoft Visual Studio Solution File, Format Version 12.00
# Visual Studio Version 17
VisualStudioVersion = 17.3.32922.545
MinimumVisualStudioVersion = 10.0.40219.1
Project("{FAE04EC0-301F-11D3-BF4B-00C04F79EFBC}") = "WpfDatabindingComboBoxEnum", "WpfDatabindingComboBoxEnum\WpfDatabindingComboBoxEnum.csproj", "{83DF6A17-70EF-43D3-A277-C82D7679C5A1}"
EndProject
Global
	GlobalSection(SolutionConfigurationPlatforms) = preSolution
		Debug|Any CPU = Debug|Any CPU
		Release|Any CPU = Release|Any CPU
	EndGlobalSection
	GlobalSection(ProjectConfigurationPlatforms) = postSolution
		{83DF6A17-70EF-43D3-A277-C82D7679C5A1}.Debug|Any CPU.ActiveCfg = Debug|Any CPU
		{83DF6A17-70EF-43D3-A277-C82D7679C5A1}.Debug|Any CPU.Build.0 = Debug|Any CPU
		{83DF6A17-70EF-43D3-A277-C82D7679C5A1}.Release|Any CPU.ActiveCfg = Release|Any CPU
		{83DF6A17-70EF-43D3-A277-C82D7679C5A1}.Release|Any CPU.Build.0 = Release|Any CPU
	EndGlobalSection
	GlobalSection(SolutionProperties) = preSolution
		HideSolutionNode = FALSE
	EndGlobalSection
	GlobalSection(ExtensibilityGlobals) = postSolution
		SolutionGuid = {4202C8ED-BAFA-4BC9-AB1E-62EE1FD65407}
	EndGlobalSection
EndGlobal
