
Microsoft Visual Studio Solution File, Format Version 12.00
# Visual Studio Version 17
VisualStudioVersion = 17.3.32922.545
MinimumVisualStudioVersion = 10.0.40219.1
Project("{FAE04EC0-301F-11D3-BF4B-00C04F79EFBC}") = "WpfCommands", "WpfCommands\WpfCommands.csproj", "{9505DD43-B823-44EF-B47A-2F89ED6E4BEC}"
EndProject
Global
	GlobalSection(SolutionConfigurationPlatforms) = preSolution
		Debug|Any CPU = Debug|Any CPU
		Release|Any CPU = Release|Any CPU
	EndGlobalSection
	GlobalSection(ProjectConfigurationPlatforms) = postSolution
		{9505DD43-B823-44EF-B47A-2F89ED6E4BEC}.Debug|Any CPU.ActiveCfg = Debug|Any CPU
		{9505DD43-B823-44EF-B47A-2F89ED6E4BEC}.Debug|Any CPU.Build.0 = Debug|Any CPU
		{9505DD43-B823-44EF-B47A-2F89ED6E4BEC}.Release|Any CPU.ActiveCfg = Release|Any CPU
		{9505DD43-B823-44EF-B47A-2F89ED6E4BEC}.Release|Any CPU.Build.0 = Release|Any CPU
	EndGlobalSection
	GlobalSection(SolutionProperties) = preSolution
		HideSolutionNode = FALSE
	EndGlobalSection
	GlobalSection(ExtensibilityGlobals) = postSolution
		SolutionGuid = {DB4D2879-047F-4A29-BD88-80D1AEEF5225}
	EndGlobalSection
EndGlobal
