
Microsoft Visual Studio Solution File, Format Version 12.00
# Visual Studio Version 17
VisualStudioVersion = 17.3.32922.545
MinimumVisualStudioVersion = 10.0.40219.1
Project("{FAE04EC0-301F-11D3-BF4B-00C04F79EFBC}") = "WpfPanelsCanvas", "WpfPanelsCanvas\WpfPanelsCanvas.csproj", "{4DDDC878-E12B-4DAF-B0BD-3D6F79AB2CC1}"
EndProject
Global
	GlobalSection(SolutionConfigurationPlatforms) = preSolution
		Debug|Any CPU = Debug|Any CPU
		Release|Any CPU = Release|Any CPU
	EndGlobalSection
	GlobalSection(ProjectConfigurationPlatforms) = postSolution
		{4DDDC878-E12B-4DAF-B0BD-3D6F79AB2CC1}.Debug|Any CPU.ActiveCfg = Debug|Any CPU
		{4DDDC878-E12B-4DAF-B0BD-3D6F79AB2CC1}.Debug|Any CPU.Build.0 = Debug|Any CPU
		{4DDDC878-E12B-4DAF-B0BD-3D6F79AB2CC1}.Release|Any CPU.ActiveCfg = Release|Any CPU
		{4DDDC878-E12B-4DAF-B0BD-3D6F79AB2CC1}.Release|Any CPU.Build.0 = Release|Any CPU
	EndGlobalSection
	GlobalSection(SolutionProperties) = preSolution
		HideSolutionNode = FALSE
	EndGlobalSection
	GlobalSection(ExtensibilityGlobals) = postSolution
		SolutionGuid = {CCA3C438-B40B-4392-8839-12F0B0807269}
	EndGlobalSection
EndGlobal
