
Microsoft Visual Studio Solution File, Format Version 12.00
# Visual Studio Version 17
VisualStudioVersion = 17.3.32922.545
MinimumVisualStudioVersion = 10.0.40219.1
Project("{FAE04EC0-301F-11D3-BF4B-00C04F79EFBC}") = "WpfControlsCalendar", "WpfControlsCalendar\WpfControlsCalendar.csproj", "{B9276A1D-F7B0-4D30-AFE3-F9D840AD68AC}"
EndProject
Global
	GlobalSection(SolutionConfigurationPlatforms) = preSolution
		Debug|Any CPU = Debug|Any CPU
		Release|Any CPU = Release|Any CPU
	EndGlobalSection
	GlobalSection(ProjectConfigurationPlatforms) = postSolution
		{B9276A1D-F7B0-4D30-AFE3-F9D840AD68AC}.Debug|Any CPU.ActiveCfg = Debug|Any CPU
		{B9276A1D-F7B0-4D30-AFE3-F9D840AD68AC}.Debug|Any CPU.Build.0 = Debug|Any CPU
		{B9276A1D-F7B0-4D30-AFE3-F9D840AD68AC}.Release|Any CPU.ActiveCfg = Release|Any CPU
		{B9276A1D-F7B0-4D30-AFE3-F9D840AD68AC}.Release|Any CPU.Build.0 = Release|Any CPU
	EndGlobalSection
	GlobalSection(SolutionProperties) = preSolution
		HideSolutionNode = FALSE
	EndGlobalSection
	GlobalSection(ExtensibilityGlobals) = postSolution
		SolutionGuid = {059EB8D7-3574-48D0-A607-4AD6EE4DF4B2}
	EndGlobalSection
EndGlobal
